// !$*UTF8*$!
{
	archiveVersion = 1;
	classes = {
	};
	objectVersion = 50;
	objects = {

/* Begin PBXBuildFile section */
		9BA17AB1228329B000DEB0D2 /* AppDelegate.swift in Sources */ = {isa = PBXBuildFile; fileRef = 9BA17AB0228329B000DEB0D2 /* AppDelegate.swift */; };
		9BA17AB3228329B000DEB0D2 /* ViewController.swift in Sources */ = {isa = PBXBuildFile; fileRef = 9BA17AB2228329B000DEB0D2 /* ViewController.swift */; };
		9BA17AB6228329B000DEB0D2 /* Main.storyboard in Resources */ = {isa = PBXBuildFile; fileRef = 9BA17AB4228329B000DEB0D2 /* Main.storyboard */; };
		9BA17AB8228329B400DEB0D2 /* Assets.xcassets in Resources */ = {isa = PBXBuildFile; fileRef = 9BA17AB7228329B400DEB0D2 /* Assets.xcassets */; };
		9BA17ABB228329B400DEB0D2 /* LaunchScreen.storyboard in Resources */ = {isa = PBXBuildFile; fileRef = 9BA17AB9228329B400DEB0D2 /* LaunchScreen.storyboard */; };
		9BA17AC0228329B400DEB0D2 /* Animation WatchKit App.app in Embed Watch Content */ = {isa = PBXBuildFile; fileRef = 9BA17ABF228329B400DEB0D2 /* Animation WatchKit App.app */; };
		9BA17AC6228329B400DEB0D2 /* Interface.storyboard in Resources */ = {isa = PBXBuildFile; fileRef = 9BA17AC4228329B400DEB0D2 /* Interface.storyboard */; };
		9BA17AC8228329B500DEB0D2 /* Assets.xcassets in Resources */ = {isa = PBXBuildFile; fileRef = 9BA17AC7228329B500DEB0D2 /* Assets.xcassets */; };
		9BA17ACF228329B500DEB0D2 /* Animation WatchKit Extension.appex in Embed App Extensions */ = {isa = PBXBuildFile; fileRef = 9BA17ACE228329B500DEB0D2 /* Animation WatchKit Extension.appex */; settings = {ATTRIBUTES = (RemoveHeadersOnCopy, ); }; };
		9BA17AD4228329B500DEB0D2 /* InterfaceController.swift in Sources */ = {isa = PBXBuildFile; fileRef = 9BA17AD3228329B500DEB0D2 /* InterfaceController.swift */; };
		9BA17AD6228329B500DEB0D2 /* ExtensionDelegate.swift in Sources */ = {isa = PBXBuildFile; fileRef = 9BA17AD5228329B500DEB0D2 /* ExtensionDelegate.swift */; };
		9BA17AD8228329B600DEB0D2 /* Assets.xcassets in Resources */ = {isa = PBXBuildFile; fileRef = 9BA17AD7228329B600DEB0D2 /* Assets.xcassets */; };
/* End PBXBuildFile section */

/* Begin PBXContainerItemProxy section */
		9BA17AC1228329B400DEB0D2 /* PBXContainerItemProxy */ = {
			isa = PBXContainerItemProxy;
			containerPortal = 9BA17AA5228329B000DEB0D2 /* Project object */;
			proxyType = 1;
			remoteGlobalIDString = 9BA17ABE228329B400DEB0D2;
			remoteInfo = "Animation WatchKit App";
		};
		9BA17AD0228329B500DEB0D2 /* PBXContainerItemProxy */ = {
			isa = PBXContainerItemProxy;
			containerPortal = 9BA17AA5228329B000DEB0D2 /* Project object */;
			proxyType = 1;
			remoteGlobalIDString = 9BA17ACD228329B500DEB0D2;
			remoteInfo = "Animation WatchKit Extension";
		};
/* End PBXContainerItemProxy section */

/* Begin PBXCopyFilesBuildPhase section */
		9BA17ADF228329B600DEB0D2 /* Embed App Extensions */ = {
			isa = PBXCopyFilesBuildPhase;
			buildActionMask = 2147483647;
			dstPath = "";
			dstSubfolderSpec = 13;
			files = (
				9BA17ACF228329B500DEB0D2 /* Animation WatchKit Extension.appex in Embed App Extensions */,
			);
			name = "Embed App Extensions";
			runOnlyForDeploymentPostprocessing = 0;
		};
		9BA17AE3228329B600DEB0D2 /* Embed Watch Content */ = {
			isa = PBXCopyFilesBuildPhase;
			buildActionMask = 2147483647;
			dstPath = "$(CONTENTS_FOLDER_PATH)/Watch";
			dstSubfolderSpec = 16;
			files = (
				9BA17AC0228329B400DEB0D2 /* Animation WatchKit App.app in Embed Watch Content */,
			);
			name = "Embed Watch Content";
			runOnlyForDeploymentPostprocessing = 0;
		};
/* End PBXCopyFilesBuildPhase section */

/* Begin PBXFileReference section */
		9BA17AAD228329B000DEB0D2 /* Animation.app */ = {isa = PBXFileReference; explicitFileType = wrapper.application; includeInIndex = 0; path = Animation.app; sourceTree = BUILT_PRODUCTS_DIR; };
		9BA17AB0228329B000DEB0D2 /* AppDelegate.swift */ = {isa = PBXFileReference; lastKnownFileType = sourcecode.swift; path = AppDelegate.swift; sourceTree = "<group>"; };
		9BA17AB2228329B000DEB0D2 /* ViewController.swift */ = {isa = PBXFileReference; lastKnownFileType = sourcecode.swift; path = ViewController.swift; sourceTree = "<group>"; };
		9BA17AB5228329B000DEB0D2 /* Base */ = {isa = PBXFileReference; lastKnownFileType = file.storyboard; name = Base; path = Base.lproj/Main.storyboard; sourceTree = "<group>"; };
		9BA17AB7228329B400DEB0D2 /* Assets.xcassets */ = {isa = PBXFileReference; lastKnownFileType = folder.assetcatalog; path = Assets.xcassets; sourceTree = "<group>"; };
		9BA17ABA228329B400DEB0D2 /* Base */ = {isa = PBXFileReference; lastKnownFileType = file.storyboard; name = Base; path = Base.lproj/LaunchScreen.storyboard; sourceTree = "<group>"; };
		9BA17ABC228329B400DEB0D2 /* Info.plist */ = {isa = PBXFileReference; lastKnownFileType = text.plist.xml; path = Info.plist; sourceTree = "<group>"; };
		9BA17ABF228329B400DEB0D2 /* Animation WatchKit App.app */ = {isa = PBXFileReference; explicitFileType = wrapper.application; includeInIndex = 0; path = "Animation WatchKit App.app"; sourceTree = BUILT_PRODUCTS_DIR; };
		9BA17AC5228329B400DEB0D2 /* Base */ = {isa = PBXFileReference; lastKnownFileType = file.storyboard; name = Base; path = Base.lproj/Interface.storyboard; sourceTree = "<group>"; };
		9BA17AC7228329B500DEB0D2 /* Assets.xcassets */ = {isa = PBXFileReference; lastKnownFileType = folder.assetcatalog; path = Assets.xcassets; sourceTree = "<group>"; };
		9BA17AC9228329B500DEB0D2 /* Info.plist */ = {isa = PBXFileReference; lastKnownFileType = text.plist.xml; path = Info.plist; sourceTree = "<group>"; };
		9BA17ACE228329B500DEB0D2 /* Animation WatchKit Extension.appex */ = {isa = PBXFileReference; explicitFileType = "wrapper.app-extension"; includeInIndex = 0; path = "Animation WatchKit Extension.appex"; sourceTree = BUILT_PRODUCTS_DIR; };
		9BA17AD3228329B500DEB0D2 /* InterfaceController.swift */ = {isa = PBXFileReference; lastKnownFileType = sourcecode.swift; path = InterfaceController.swift; sourceTree = "<group>"; };
		9BA17AD5228329B500DEB0D2 /* ExtensionDelegate.swift */ = {isa = PBXFileReference; lastKnownFileType = sourcecode.swift; path = ExtensionDelegate.swift; sourceTree = "<group>"; };
		9BA17AD7228329B600DEB0D2 /* Assets.xcassets */ = {isa = PBXFileReference; lastKnownFileType = folder.assetcatalog; path = Assets.xcassets; sourceTree = "<group>"; };
		9BA17AD9228329B600DEB0D2 /* Info.plist */ = {isa = PBXFileReference; lastKnownFileType = text.plist.xml; path = Info.plist; sourceTree = "<group>"; };
/* End PBXFileReference section */

/* Begin PBXFrameworksBuildPhase section */
		9BA17AAA228329B000DEB0D2 /* Frameworks */ = {
			isa = PBXFrameworksBuildPhase;
			buildActionMask = 2147483647;
			files = (
			);
			runOnlyForDeploymentPostprocessing = 0;
		};
		9BA17ACB228329B500DEB0D2 /* Frameworks */ = {
			isa = PBXFrameworksBuildPhase;
			buildActionMask = 2147483647;
			files = (
			);
			runOnlyForDeploymentPostprocessing = 0;
		};
/* End PBXFrameworksBuildPhase section */

/* Begin PBXGroup section */
		9BA17AA4228329B000DEB0D2 = {
			isa = PBXGroup;
			children = (
				9BA17AAF228329B000DEB0D2 /* Animation */,
				9BA17AC3228329B400DEB0D2 /* Animation WatchKit App */,
				9BA17AD2228329B500DEB0D2 /* Animation WatchKit Extension */,
				9BA17AAE228329B000DEB0D2 /* Products */,
			);
			sourceTree = "<group>";
		};
		9BA17AAE228329B000DEB0D2 /* Products */ = {
			isa = PBXGroup;
			children = (
				9BA17AAD228329B000DEB0D2 /* Animation.app */,
				9BA17ABF228329B400DEB0D2 /* Animation WatchKit App.app */,
				9BA17ACE228329B500DEB0D2 /* Animation WatchKit Extension.appex */,
			);
			name = Products;
			sourceTree = "<group>";
		};
		9BA17AAF228329B000DEB0D2 /* Animation */ = {
			isa = PBXGroup;
			children = (
				9BA17AB0228329B000DEB0D2 /* AppDelegate.swift */,
				9BA17AB2228329B000DEB0D2 /* ViewController.swift */,
				9BA17AB4228329B000DEB0D2 /* Main.storyboard */,
				9BA17AB7228329B400DEB0D2 /* Assets.xcassets */,
				9BA17AB9228329B400DEB0D2 /* LaunchScreen.storyboard */,
				9BA17ABC228329B400DEB0D2 /* Info.plist */,
			);
			path = Animation;
			sourceTree = "<group>";
		};
		9BA17AC3228329B400DEB0D2 /* Animation WatchKit App */ = {
			isa = PBXGroup;
			children = (
				9BA17AC4228329B400DEB0D2 /* Interface.storyboard */,
				9BA17AC7228329B500DEB0D2 /* Assets.xcassets */,
				9BA17AC9228329B500DEB0D2 /* Info.plist */,
			);
			path = "Animation WatchKit App";
			sourceTree = "<group>";
		};
		9BA17AD2228329B500DEB0D2 /* Animation WatchKit Extension */ = {
			isa = PBXGroup;
			children = (
				9BA17AD3228329B500DEB0D2 /* InterfaceController.swift */,
				9BA17AD5228329B500DEB0D2 /* ExtensionDelegate.swift */,
				9BA17AD7228329B600DEB0D2 /* Assets.xcassets */,
				9BA17AD9228329B600DEB0D2 /* Info.plist */,
			);
			path = "Animation WatchKit Extension";
			sourceTree = "<group>";
		};
/* End PBXGroup section */

/* Begin PBXNativeTarget section */
		9BA17AAC228329B000DEB0D2 /* Animation */ = {
			isa = PBXNativeTarget;
			buildConfigurationList = 9BA17AE4228329B600DEB0D2 /* Build configuration list for PBXNativeTarget "Animation" */;
			buildPhases = (
				9BA17AA9228329B000DEB0D2 /* Sources */,
				9BA17AAA228329B000DEB0D2 /* Frameworks */,
				9BA17AAB228329B000DEB0D2 /* Resources */,
				9BA17AE3228329B600DEB0D2 /* Embed Watch Content */,
			);
			buildRules = (
			);
			dependencies = (
				9BA17AC2228329B400DEB0D2 /* PBXTargetDependency */,
			);
			name = Animation;
			productName = Animation;
			productReference = 9BA17AAD228329B000DEB0D2 /* Animation.app */;
			productType = "com.apple.product-type.application";
		};
		9BA17ABE228329B400DEB0D2 /* Animation WatchKit App */ = {
			isa = PBXNativeTarget;
			buildConfigurationList = 9BA17AE0228329B600DEB0D2 /* Build configuration list for PBXNativeTarget "Animation WatchKit App" */;
			buildPhases = (
				9BA17ABD228329B400DEB0D2 /* Resources */,
				9BA17ADF228329B600DEB0D2 /* Embed App Extensions */,
			);
			buildRules = (
			);
			dependencies = (
				9BA17AD1228329B500DEB0D2 /* PBXTargetDependency */,
			);
			name = "Animation WatchKit App";
			productName = "Animation WatchKit App";
			productReference = 9BA17ABF228329B400DEB0D2 /* Animation WatchKit App.app */;
			productType = "com.apple.product-type.application.watchapp2";
		};
		9BA17ACD228329B500DEB0D2 /* Animation WatchKit Extension */ = {
			isa = PBXNativeTarget;
			buildConfigurationList = 9BA17ADC228329B600DEB0D2 /* Build configuration list for PBXNativeTarget "Animation WatchKit Extension" */;
			buildPhases = (
				9BA17ACA228329B500DEB0D2 /* Sources */,
				9BA17ACB228329B500DEB0D2 /* Frameworks */,
				9BA17ACC228329B500DEB0D2 /* Resources */,
			);
			buildRules = (
			);
			dependencies = (
			);
			name = "Animation WatchKit Extension";
			productName = "Animation WatchKit Extension";
			productReference = 9BA17ACE228329B500DEB0D2 /* Animation WatchKit Extension.appex */;
			productType = "com.apple.product-type.watchkit2-extension";
		};
/* End PBXNativeTarget section */

/* Begin PBXProject section */
		9BA17AA5228329B000DEB0D2 /* Project object */ = {
			isa = PBXProject;
			attributes = {
				LastSwiftUpdateCheck = 1020;
				LastUpgradeCheck = 1020;
				ORGANIZATIONNAME = "Rob Baldwin";
				TargetAttributes = {
					9BA17AAC228329B000DEB0D2 = {
						CreatedOnToolsVersion = 10.2.1;
					};
					9BA17ABE228329B400DEB0D2 = {
						CreatedOnToolsVersion = 10.2.1;
					};
					9BA17ACD228329B500DEB0D2 = {
						CreatedOnToolsVersion = 10.2.1;
					};
				};
			};
			buildConfigurationList = 9BA17AA8228329B000DEB0D2 /* Build configuration list for PBXProject "Animation" */;
			compatibilityVersion = "Xcode 9.3";
			developmentRegion = en;
			hasScannedForEncodings = 0;
			knownRegions = (
				en,
				Base,
			);
			mainGroup = 9BA17AA4228329B000DEB0D2;
			productRefGroup = 9BA17AAE228329B000DEB0D2 /* Products */;
			projectDirPath = "";
			projectRoot = "";
			targets = (
				9BA17AAC228329B000DEB0D2 /* Animation */,
				9BA17ABE228329B400DEB0D2 /* Animation WatchKit App */,
				9BA17ACD228329B500DEB0D2 /* Animation WatchKit Extension */,
			);
		};
/* End PBXProject section */

/* Begin PBXResourcesBuildPhase section */
		9BA17AAB228329B000DEB0D2 /* Resources */ = {
			isa = PBXResourcesBuildPhase;
			buildActionMask = 2147483647;
			files = (
				9BA17ABB228329B400DEB0D2 /* LaunchScreen.storyboard in Resources */,
				9BA17AB8228329B400DEB0D2 /* Assets.xcassets in Resources */,
				9BA17AB6228329B000DEB0D2 /* Main.storyboard in Resources */,
			);
			runOnlyForDeploymentPostprocessing = 0;
		};
		9BA17ABD228329B400DEB0D2 /* Resources */ = {
			isa = PBXResourcesBuildPhase;
			buildActionMask = 2147483647;
			files = (
				9BA17AC8228329B500DEB0D2 /* Assets.xcassets in Resources */,
				9BA17AC6228329B400DEB0D2 /* Interface.storyboard in Resources */,
			);
			runOnlyForDeploymentPostprocessing = 0;
		};
		9BA17ACC228329B500DEB0D2 /* Resources */ = {
			isa = PBXResourcesBuildPhase;
			buildActionMask = 2147483647;
			files = (
				9BA17AD8228329B600DEB0D2 /* Assets.xcassets in Resources */,
			);
			runOnlyForDeploymentPostprocessing = 0;
		};
/* End PBXResourcesBuildPhase section */

/* Begin PBXSourcesBuildPhase section */
		9BA17AA9228329B000DEB0D2 /* Sources */ = {
			isa = PBXSourcesBuildPhase;
			buildActionMask = 2147483647;
			files = (
				9BA17AB3228329B000DEB0D2 /* ViewController.swift in Sources */,
				9BA17AB1228329B000DEB0D2 /* AppDelegate.swift in Sources */,
			);
			runOnlyForDeploymentPostprocessing = 0;
		};
		9BA17ACA228329B500DEB0D2 /* Sources */ = {
			isa = PBXSourcesBuildPhase;
			buildActionMask = 2147483647;
			files = (
				9BA17AD6228329B500DEB0D2 /* ExtensionDelegate.swift in Sources */,
				9BA17AD4228329B500DEB0D2 /* InterfaceController.swift in Sources */,
			);
			runOnlyForDeploymentPostprocessing = 0;
		};
/* End PBXSourcesBuildPhase section */

/* Begin PBXTargetDependency section */
		9BA17AC2228329B400DEB0D2 /* PBXTargetDependency */ = {
			isa = PBXTargetDependency;
			target = 9BA17ABE228329B400DEB0D2 /* Animation WatchKit App */;
			targetProxy = 9BA17AC1228329B400DEB0D2 /* PBXContainerItemProxy */;
		};
		9BA17AD1228329B500DEB0D2 /* PBXTargetDependency */ = {
			isa = PBXTargetDependency;
			target = 9BA17ACD228329B500DEB0D2 /* Animation WatchKit Extension */;
			targetProxy = 9BA17AD0228329B500DEB0D2 /* PBXContainerItemProxy */;
		};
/* End PBXTargetDependency section */

/* Begin PBXVariantGroup section */
		9BA17AB4228329B000DEB0D2 /* Main.storyboard */ = {
			isa = PBXVariantGroup;
			children = (
				9BA17AB5228329B000DEB0D2 /* Base */,
			);
			name = Main.storyboard;
			sourceTree = "<group>";
		};
		9BA17AB9228329B400DEB0D2 /* LaunchScreen.storyboard */ = {
			isa = PBXVariantGroup;
			children = (
				9BA17ABA228329B400DEB0D2 /* Base */,
			);
			name = LaunchScreen.storyboard;
			sourceTree = "<group>";
		};
		9BA17AC4228329B400DEB0D2 /* Interface.storyboard */ = {
			isa = PBXVariantGroup;
			children = (
				9BA17AC5228329B400DEB0D2 /* Base */,
			);
			name = Interface.storyboard;
			sourceTree = "<group>";
		};
/* End PBXVariantGroup section */

/* Begin XCBuildConfiguration section */
		9BA17ADA228329B600DEB0D2 /* Debug */ = {
			isa = XCBuildConfiguration;
			buildSettings = {
				ALWAYS_SEARCH_USER_PATHS = NO;
				CLANG_ANALYZER_NONNULL = YES;
				CLANG_ANALYZER_NUMBER_OBJECT_CONVERSION = YES_AGGRESSIVE;
				CLANG_CXX_LANGUAGE_STANDARD = "gnu++14";
				CLANG_CXX_LIBRARY = "libc++";
				CLANG_ENABLE_MODULES = YES;
				CLANG_ENABLE_OBJC_ARC = YES;
				CLANG_ENABLE_OBJC_WEAK = YES;
				CLANG_WARN_BLOCK_CAPTURE_AUTORELEASING = YES;
				CLANG_WARN_BOOL_CONVERSION = YES;
				CLANG_WARN_COMMA = YES;
				CLANG_WARN_CONSTANT_CONVERSION = YES;
				CLANG_WARN_DEPRECATED_OBJC_IMPLEMENTATIONS = YES;
				CLANG_WARN_DIRECT_OBJC_ISA_USAGE = YES_ERROR;
				CLANG_WARN_DOCUMENTATION_COMMENTS = YES;
				CLANG_WARN_EMPTY_BODY = YES;
				CLANG_WARN_ENUM_CONVERSION = YES;
				CLANG_WARN_INFINITE_RECURSION = YES;
				CLANG_WARN_INT_CONVERSION = YES;
				CLANG_WARN_NON_LITERAL_NULL_CONVERSION = YES;
				CLANG_WARN_OBJC_IMPLICIT_RETAIN_SELF = YES;
				CLANG_WARN_OBJC_LITERAL_CONVERSION = YES;
				CLANG_WARN_OBJC_ROOT_CLASS = YES_ERROR;
				CLANG_WARN_RANGE_LOOP_ANALYSIS = YES;
				CLANG_WARN_STRICT_PROTOTYPES = YES;
				CLANG_WARN_SUSPICIOUS_MOVE = YES;
				CLANG_WARN_UNGUARDED_AVAILABILITY = YES_AGGRESSIVE;
				CLANG_WARN_UNREACHABLE_CODE = YES;
				CLANG_WARN__DUPLICATE_METHOD_MATCH = YES;
				CODE_SIGN_IDENTITY = "iPhone Developer";
				COPY_PHASE_STRIP = NO;
				DEBUG_INFORMATION_FORMAT = dwarf;
				ENABLE_STRICT_OBJC_MSGSEND = YES;
				ENABLE_TESTABILITY = YES;
				GCC_C_LANGUAGE_STANDARD = gnu11;
				GCC_DYNAMIC_NO_PIC = NO;
				GCC_NO_COMMON_BLOCKS = YES;
				GCC_OPTIMIZATION_LEVEL = 0;
				GCC_PREPROCESSOR_DEFINITIONS = (
					"DEBUG=1",
					"$(inherited)",
				);
				GCC_WARN_64_TO_32_BIT_CONVERSION = YES;
				GCC_WARN_ABOUT_RETURN_TYPE = YES_ERROR;
				GCC_WARN_UNDECLARED_SELECTOR = YES;
				GCC_WARN_UNINITIALIZED_AUTOS = YES_AGGRESSIVE;
				GCC_WARN_UNUSED_FUNCTION = YES;
				GCC_WARN_UNUSED_VARIABLE = YES;
				IPHONEOS_DEPLOYMENT_TARGET = 12.2;
				MTL_ENABLE_DEBUG_INFO = INCLUDE_SOURCE;
				MTL_FAST_MATH = YES;
				ONLY_ACTIVE_ARCH = YES;
				SDKROOT = iphoneos;
				SWIFT_ACTIVE_COMPILATION_CONDITIONS = DEBUG;
				SWIFT_OPTIMIZATION_LEVEL = "-Onone";
			};
			name = Debug;
		};
		9BA17ADB228329B600DEB0D2 /* Release */ = {
			isa = XCBuildConfiguration;
			buildSettings = {
				ALWAYS_SEARCH_USER_PATHS = NO;
				CLANG_ANALYZER_NONNULL = YES;
				CLANG_ANALYZER_NUMBER_OBJECT_CONVERSION = YES_AGGRESSIVE;
				CLANG_CXX_LANGUAGE_STANDARD = "gnu++14";
				CLANG_CXX_LIBRARY = "libc++";
				CLANG_ENABLE_MODULES = YES;
				CLANG_ENABLE_OBJC_ARC = YES;
				CLANG_ENABLE_OBJC_WEAK = YES;
				CLANG_WARN_BLOCK_CAPTURE_AUTORELEASING = YES;
				CLANG_WARN_BOOL_CONVERSION = YES;
				CLANG_WARN_COMMA = YES;
				CLANG_WARN_CONSTANT_CONVERSION = YES;
				CLANG_WARN_DEPRECATED_OBJC_IMPLEMENTATIONS = YES;
				CLANG_WARN_DIRECT_OBJC_ISA_USAGE = YES_ERROR;
				CLANG_WARN_DOCUMENTATION_COMMENTS = YES;
				CLANG_WARN_EMPTY_BODY = YES;
				CLANG_WARN_ENUM_CONVERSION = YES;
				CLANG_WARN_INFINITE_RECURSION = YES;
				CLANG_WARN_INT_CONVERSION = YES;
				CLANG_WARN_NON_LITERAL_NULL_CONVERSION = YES;
				CLANG_WARN_OBJC_IMPLICIT_RETAIN_SELF = YES;
				CLANG_WARN_OBJC_LITERAL_CONVERSION = YES;
				CLANG_WARN_OBJC_ROOT_CLASS = YES_ERROR;
				CLANG_WARN_RANGE_LOOP_ANALYSIS = YES;
				CLANG_WARN_STRICT_PROTOTYPES = YES;
				CLANG_WARN_SUSPICIOUS_MOVE = YES;
				CLANG_WARN_UNGUARDED_AVAILABILITY = YES_AGGRESSIVE;
				CLANG_WARN_UNREACHABLE_CODE = YES;
				CLANG_WARN__DUPLICATE_METHOD_MATCH = YES;
				CODE_SIGN_IDENTITY = "iPhone Developer";
				COPY_PHASE_STRIP = NO;
				DEBUG_INFORMATION_FORMAT = "dwarf-with-dsym";
				ENABLE_NS_ASSERTIONS = NO;
				ENABLE_STRICT_OBJC_MSGSEND = YES;
				GCC_C_LANGUAGE_STANDARD = gnu11;
				GCC_NO_COMMON_BLOCKS = YES;
				GCC_WARN_64_TO_32_BIT_CONVERSION = YES;
				GCC_WARN_ABOUT_RETURN_TYPE = YES_ERROR;
				GCC_WARN_UNDECLARED_SELECTOR = YES;
				GCC_WARN_UNINITIALIZED_AUTOS = YES_AGGRESSIVE;
				GCC_WARN_UNUSED_FUNCTION = YES;
				GCC_WARN_UNUSED_VARIABLE = YES;
				IPHONEOS_DEPLOYMENT_TARGET = 12.2;
				MTL_ENABLE_DEBUG_INFO = NO;
				MTL_FAST_MATH = YES;
				SDKROOT = iphoneos;
				SWIFT_COMPILATION_MODE = wholemodule;
				SWIFT_OPTIMIZATION_LEVEL = "-O";
				VALIDATE_PRODUCT = YES;
			};
			name = Release;
		};
		9BA17ADD228329B600DEB0D2 /* Debug */ = {
			isa = XCBuildConfiguration;
			buildSettings = {
				ASSETCATALOG_COMPILER_COMPLICATION_NAME = Complication;
				CODE_SIGN_STYLE = Automatic;
				DEVELOPMENT_TEAM = 47UHAV43Z9;
				INFOPLIST_FILE = "Animation WatchKit Extension/Info.plist";
				LD_RUNPATH_SEARCH_PATHS = (
					"$(inherited)",
					"@executable_path/Frameworks",
					"@executable_path/../../Frameworks",
				);
				PRODUCT_BUNDLE_IDENTIFIER = com.robbaldwin.Animation.watchkitapp.watchkitextension;
				PRODUCT_NAME = "${TARGET_NAME}";
				SDKROOT = watchos;
				SKIP_INSTALL = YES;
				SWIFT_VERSION = 5.0;
				TARGETED_DEVICE_FAMILY = 4;
				WATCHOS_DEPLOYMENT_TARGET = 5.2;
			};
			name = Debug;
		};
		9BA17ADE228329B600DEB0D2 /* Release */ = {
			isa = XCBuildConfiguration;
			buildSettings = {
				ASSETCATALOG_COMPILER_COMPLICATION_NAME = Complication;
				CODE_SIGN_STYLE = Automatic;
				DEVELOPMENT_TEAM = 47UHAV43Z9;
				INFOPLIST_FILE = "Animation WatchKit Extension/Info.plist";
				LD_RUNPATH_SEARCH_PATHS = (
					"$(inherited)",
					"@executable_path/Frameworks",
					"@executable_path/../../Frameworks",
				);
				PRODUCT_BUNDLE_IDENTIFIER = com.robbaldwin.Animation.watchkitapp.watchkitextension;
				PRODUCT_NAME = "${TARGET_NAME}";
				SDKROOT = watchos;
				SKIP_INSTALL = YES;
				SWIFT_VERSION = 5.0;
				TARGETED_DEVICE_FAMILY = 4;
				WATCHOS_DEPLOYMENT_TARGET = 5.2;
			};
			name = Release;
		};
		9BA17AE1228329B600DEB0D2 /* Debug */ = {
			isa = XCBuildConfiguration;
			buildSettings = {
				ALWAYS_EMBED_SWIFT_STANDARD_LIBRARIES = YES;
				ASSETCATALOG_COMPILER_APPICON_NAME = AppIcon;
				CODE_SIGN_STYLE = Automatic;
				DEVELOPMENT_TEAM = 47UHAV43Z9;
				IBSC_MODULE = Animation_WatchKit_Extension;
				INFOPLIST_FILE = "Animation WatchKit App/Info.plist";
				PRODUCT_BUNDLE_IDENTIFIER = com.robbaldwin.Animation.watchkitapp;
				PRODUCT_NAME = "$(TARGET_NAME)";
				SDKROOT = watchos;
				SKIP_INSTALL = YES;
				SWIFT_VERSION = 5.0;
				TARGETED_DEVICE_FAMILY = 4;
				WATCHOS_DEPLOYMENT_TARGET = 5.2;
			};
			name = Debug;
		};
		9BA17AE2228329B600DEB0D2 /* Release */ = {
			isa = XCBuildConfiguration;
			buildSettings = {
				ALWAYS_EMBED_SWIFT_STANDARD_LIBRARIES = YES;
				ASSETCATALOG_COMPILER_APPICON_NAME = AppIcon;
				CODE_SIGN_STYLE = Automatic;
				DEVELOPMENT_TEAM = 47UHAV43Z9;
				IBSC_MODULE = Animation_WatchKit_Extension;
				INFOPLIST_FILE = "Animation WatchKit App/Info.plist";
				PRODUCT_BUNDLE_IDENTIFIER = com.robbaldwin.Animation.watchkitapp;
				PRODUCT_NAME = "$(TARGET_NAME)";
				SDKROOT = watchos;
				SKIP_INSTALL = YES;
				SWIFT_VERSION = 5.0;
				TARGETED_DEVICE_FAMILY = 4;
				WATCHOS_DEPLOYMENT_TARGET = 5.2;
			};
			name = Release;
		};
		9BA17AE5228329B600DEB0D2 /* Debug */ = {
			isa = XCBuildConfiguration;
			buildSettings = {
				ASSETCATALOG_COMPILER_APPICON_NAME = AppIcon;
				CODE_SIGN_STYLE = Automatic;
				DEVELOPMENT_TEAM = 47UHAV43Z9;
				INFOPLIST_FILE = Animation/Info.plist;
				LD_RUNPATH_SEARCH_PATHS = (
					"$(inherited)",
					"@executable_path/Frameworks",
				);
				PRODUCT_BUNDLE_IDENTIFIER = com.robbaldwin.Animation;
				PRODUCT_NAME = "$(TARGET_NAME)";
				SWIFT_VERSION = 5.0;
				TARGETED_DEVICE_FAMILY = "1,2";
			};
			name = Debug;
		};
		9BA17AE6228329B600DEB0D2 /* Release */ = {
			isa = XCBuildConfiguration;
			buildSettings = {
				ASSETCATALOG_COMPILER_APPICON_NAME = AppIcon;
				CODE_SIGN_STYLE = Automatic;
				DEVELOPMENT_TEAM = 47UHAV43Z9;
				INFOPLIST_FILE = Animation/Info.plist;
				LD_RUNPATH_SEARCH_PATHS = (
					"$(inherited)",
					"@executable_path/Frameworks",
				);
				PRODUCT_BUNDLE_IDENTIFIER = com.robbaldwin.Animation;
				PRODUCT_NAME = "$(TARGET_NAME)";
				SWIFT_VERSION = 5.0;
				TARGETED_DEVICE_FAMILY = "1,2";
			};
			name = Release;
		};
/* End XCBuildConfiguration section */

/* Begin XCConfigurationList section */
		9BA17AA8228329B000DEB0D2 /* Build configuration list for PBXProject "Animation" */ = {
			isa = XCConfigurationList;
			buildConfigurations = (
				9BA17ADA228329B600DEB0D2 /* Debug */,
				9BA17ADB228329B600DEB0D2 /* Release */,
			);
			defaultConfigurationIsVisible = 0;
			defaultConfigurationName = Release;
		};
		9BA17ADC228329B600DEB0D2 /* Build configuration list for PBXNativeTarget "Animation WatchKit Extension" */ = {
			isa = XCConfigurationList;
			buildConfigurations = (
				9BA17ADD228329B600DEB0D2 /* Debug */,
				9BA17ADE228329B600DEB0D2 /* Release */,
			);
			defaultConfigurationIsVisible = 0;
			defaultConfigurationName = Release;
		};
		9BA17AE0228329B600DEB0D2 /* Build configuration list for PBXNativeTarget "Animation WatchKit App" */ = {
			isa = XCConfigurationList;
			buildConfigurations = (
				9BA17AE1228329B600DEB0D2 /* Debug */,
				9BA17AE2228329B600DEB0D2 /* Release */,
			);
			defaultConfigurationIsVisible = 0;
			defaultConfigurationName = Release;
		};
		9BA17AE4228329B600DEB0D2 /* Build configuration list for PBXNativeTarget "Animation" */ = {
			isa = XCConfigurationList;
			buildConfigurations = (
				9BA17AE5228329B600DEB0D2 /* Debug */,
				9BA17AE6228329B600DEB0D2 /* Release */,
			);
			defaultConfigurationIsVisible = 0;
			defaultConfigurationName = Release;
		};
/* End XCConfigurationList section */
	};
	rootObject = 9BA17AA5228329B000DEB0D2 /* Project object */;
}
